
Microsoft Visual Studio Solution File, Format Version 12.00
# Visual Studio Version 16
VisualStudioVersion = 16.0.30011.22
MinimumVisualStudioVersion = 10.0.40219.1
Project("{FAE04EC0-301F-11D3-BF4B-00C04F79EFBC}") = "Bleeding", "Bleeding.csproj", "{95651CEF-F43E-4951-99A6-663A74182B2A}"
EndProject
Global
	GlobalSection(SolutionConfigurationPlatforms) = preSolution
		Debug|Any CPU = Debug|Any CPU
		Release|Any CPU = Release|Any CPU
	EndGlobalSection
	GlobalSection(ProjectConfigurationPlatforms) = postSolution
		{95651CEF-F43E-4951-99A6-663A74182B2A}.Debug|Any CPU.ActiveCfg = Debug|Any CPU
		{95651CEF-F43E-4951-99A6-663A74182B2A}.Debug|Any CPU.Build.0 = Debug|Any CPU
		{95651CEF-F43E-4951-99A6-663A74182B2A}.Release|Any CPU.ActiveCfg = Release|Any CPU
		{95651CEF-F43E-4951-99A6-663A74182B2A}.Release|Any CPU.Build.0 = Release|Any CPU
	EndGlobalSection
	GlobalSection(SolutionProperties) = preSolution
		HideSolutionNode = FALSE
	EndGlobalSection
	GlobalSection(ExtensibilityGlobals) = postSolution
		SolutionGuid = {E4AC68D3-4B27-49D8-8DA9-AAAC97E1C335}
	EndGlobalSection
EndGlobal
